<?xml version="1.0" encoding="utf-8"?>
<Project ToolsVersion="4.0" xmlns="http://schemas.microsoft.com/developer/msbuild/2003">
  <ItemGroup>
    <Filter Include="Source Files">
      <UniqueIdentifier>{4FC737F1-C7A5-4376-A066-2A32D752A2FF}</UniqueIdentifier>
      <Extensions>cpp;c;cc;cxx;c++;cppm;ixx;def;odl;idl;hpj;bat;asm;asmx</Extensions>
    </Filter>
    <Filter Include="Header Files">
      <UniqueIdentifier>{93995380-89BD-4b04-88EB-625FBE52EBFB}</UniqueIdentifier>
      <Extensions>h;hh;hpp;hxx;h++;hm;inl;inc;ipp;xsd</Extensions>
    </Filter>
    <Filter Include="Resource Files">
      <UniqueIdentifier>{67DA6AB6-F800-4c08-8B7A-83BB121AAD01}</UniqueIdentifier>
      <Extensions>rc;ico;cur;bmp;dlg;rc2;rct;bin;rgs;gif;jpg;jpeg;jpe;resx;tiff;tif;png;wav;mfcribbon-ms</Extensions>
    </Filter>
    <Filter Include="Dist">
      <UniqueIdentifier>{bd559e34-1780-4269-91bf-0a075e34ff08}</UniqueIdentifier>
    </Filter>
  </ItemGroup>
  <ItemGroup>
    <None Include="Dist\LICENSE.txt">
      <Filter>Dist</Filter>
    </None>
    <None Include="Dist\MPOGEHLP.MSG">
      <Filter>Dist</Filter>
    </None>
    <None Include="Dist\MPOGEMAL.DAT">
      <Filter>Dist</Filter>
    </None>
    <None Include="Dist\MPOGEMAL.VIR">
      <Filter>Dist</Filter>
    </None>
    <None Include="Dist\MPOGEMNU.TXT">
      <Filter>Dist</Filter>
    </None>
    <None Include="Dist\MPOGEMP.MDF">
      <Filter>Dist</Filter>
    </None>
    <None Include="Dist\MPOGEMSG.MSG">
      <Filter>Dist</Filter>
    </None>
    <None Include="Dist\MPOGEPLT.DAT">
      <Filter>Dist</Filter>
    </None>
    <None Include="Dist\MPOGEPLT.VIR">
      <Filter>Dist</Filter>
    </None>
    <None Include="Dist\MPOGESHP.DAT">
      <Filter>Dist</Filter>
    </None>
    <None Include="Dist\MPOGESHP.MSG">
      <Filter>Dist</Filter>
    </None>
    <None Include="Dist\MPOGESHP.VIR">
      <Filter>Dist</Filter>
    </None>
    <None Include="Dist\MPOGETEA.DAT">
      <Filter>Dist</Filter>
    </None>
    <None Include="Dist\MPOGEUSR.DAT">
      <Filter>Dist</Filter>
    </None>
    <None Include="Dist\MPOGEUSR.VIR">
      <Filter>Dist</Filter>
    </None>
    <None Include="Dist\README.md">
      <Filter>Dist</Filter>
    </None>
    <None Include="GALCAPS.ALT">
      <Filter>Source Files</Filter>
    </None>
    <None Include="MPOGEMAL.BCR">
      <Filter>Source Files</Filter>
    </None>
    <None Include="MPOGEPLT.BCR">
      <Filter>Source Files</Filter>
    </None>
    <None Include="MPOGESHP.BCR">
      <Filter>Source Files</Filter>
    </None>
    <None Include="MPOGEUSR.BCR">
      <Filter>Source Files</Filter>
    </None>
    <None Include="MPOGEMP_EXP.DEF">
      <Filter>Source Files</Filter>
    </None>
    <None Include="MPOGEMP_LIB.DEF">
      <Filter>Source Files</Filter>
    </None>
  </ItemGroup>
  <ItemGroup>
    <ClInclude Include="GEGLOBAL.H">
      <Filter>Header Files</Filter>
    </ClInclude>
    <ClInclude Include="GEMAIN.H">
      <Filter>Header Files</Filter>
    </ClInclude>
    <ClInclude Include="GEPROTO.H">
      <Filter>Header Files</Filter>
    </ClInclude>
    <ClInclude Include="mpogehlp.h">
      <Filter>Header Files</Filter>
    </ClInclude>
    <ClInclude Include="mpogemsg.h">
      <Filter>Header Files</Filter>
    </ClInclude>
    <ClInclude Include="mpogeshp.h">
      <Filter>Header Files</Filter>
    </ClInclude>
  </ItemGroup>
  <ItemGroup>
    <ClCompile Include="GECMDS.C">
      <Filter>Source Files</Filter>
    </ClCompile>
    <ClCompile Include="GECYBS.C">
      <Filter>Source Files</Filter>
    </ClCompile>
    <ClCompile Include="GEDROIDS.C">
      <Filter>Source Files</Filter>
    </ClCompile>
    <ClCompile Include="GEFUNCS.C">
      <Filter>Source Files</Filter>
    </ClCompile>
    <ClCompile Include="GELIB.C">
      <Filter>Source Files</Filter>
    </ClCompile>
    <ClCompile Include="GEMAIN.C">
      <Filter>Source Files</Filter>
    </ClCompile>
    <ClCompile Include="GEPLANET.C">
      <Filter>Source Files</Filter>
    </ClCompile>
    <ClCompile Include="GESCAN.C">
      <Filter>Source Files</Filter>
    </ClCompile>
  </ItemGroup>
</Project>
